
Microsoft Visual Studio Solution File, Format Version 12.00
# Visual Studio Version 16
VisualStudioVersion = 16.0.31729.503
MinimumVisualStudioVersion = 10.0.40219.1
Project("{9A19103F-16F7-4668-BE54-9A1E7A4F7556}") = "Radius", "Radius\Radius.csproj", "{8E6C72B6-6C35-486D-9A32-82B0F0E7F3D6}"
EndProject
Global
	GlobalSection(SolutionConfigurationPlatforms) = preSolution
		Debug|Any CPU = Debug|Any CPU
		Release|Any CPU = Release|Any CPU
	EndGlobalSection
	GlobalSection(ProjectConfigurationPlatforms) = postSolution
		{8E6C72B6-6C35-486D-9A32-82B0F0E7F3D6}.Debug|Any CPU.ActiveCfg = Debug|Any CPU
		{8E6C72B6-6C35-486D-9A32-82B0F0E7F3D6}.Debug|Any CPU.Build.0 = Debug|Any CPU
		{8E6C72B6-6C35-486D-9A32-82B0F0E7F3D6}.Release|Any CPU.ActiveCfg = Release|Any CPU
		{8E6C72B6-6C35-486D-9A32-82B0F0E7F3D6}.Release|Any CPU.Build.0 = Release|Any CPU
	EndGlobalSection
	GlobalSection(SolutionProperties) = preSolution
		HideSolutionNode = FALSE
	EndGlobalSection
	GlobalSection(ExtensibilityGlobals) = postSolution
		SolutionGuid = {BDA58504-A27E-40CC-A926-634E3785BA2C}
	EndGlobalSection
EndGlobal
